
Microsoft Visual Studio Solution File, Format Version 12.00
# Visual Studio Version 17
VisualStudioVersion = 17.0.31903.59
MinimumVisualStudioVersion = 10.0.40219.1
Project("{FAE04EC0-301F-11D3-BF4B-00C04F79EFBC}") = "KanbanApp.Domain", "KanbanApp.Domain\KanbanApp.Domain.csproj", "{EA837322-5653-43C7-86C3-EE1F8F10F8D9}"
EndProject
Project("{FAE04EC0-301F-11D3-BF4B-00C04F79EFBC}") = "KanbanApp.Infrastructure", "KanbanApp.Infrastructure\KanbanApp.Infrastructure.csproj", "{BDE111A3-AB93-4199-88B7-98C2282F9C75}"
EndProject
Project("{FAE04EC0-301F-11D3-BF4B-00C04F79EFBC}") = "KanbanApp.Services", "KanbanApp.Services\KanbanApp.Services.csproj", "{6FE588C3-80B3-4DDF-92F7-EF4784E4301E}"
EndProject
Project("{FAE04EC0-301F-11D3-BF4B-00C04F79EFBC}") = "KanbanApp.API", "KanbanApp.API\KanbanApp.API.csproj", "{82D7B0C9-F7F9-441C-9545-9816FE7D1EE0}"
EndProject
Global
	GlobalSection(SolutionConfigurationPlatforms) = preSolution
		Debug|Any CPU = Debug|Any CPU
		Debug|x64 = Debug|x64
		Debug|x86 = Debug|x86
		Release|Any CPU = Release|Any CPU
		Release|x64 = Release|x64
		Release|x86 = Release|x86
	EndGlobalSection
	GlobalSection(ProjectConfigurationPlatforms) = postSolution
		{EA837322-5653-43C7-86C3-EE1F8F10F8D9}.Debug|Any CPU.ActiveCfg = Debug|Any CPU
		{EA837322-5653-43C7-86C3-EE1F8F10F8D9}.Debug|Any CPU.Build.0 = Debug|Any CPU
		{EA837322-5653-43C7-86C3-EE1F8F10F8D9}.Debug|x64.ActiveCfg = Debug|Any CPU
		{EA837322-5653-43C7-86C3-EE1F8F10F8D9}.Debug|x64.Build.0 = Debug|Any CPU
		{EA837322-5653-43C7-86C3-EE1F8F10F8D9}.Debug|x86.ActiveCfg = Debug|Any CPU
		{EA837322-5653-43C7-86C3-EE1F8F10F8D9}.Debug|x86.Build.0 = Debug|Any CPU
		{EA837322-5653-43C7-86C3-EE1F8F10F8D9}.Release|Any CPU.ActiveCfg = Release|Any CPU
		{EA837322-5653-43C7-86C3-EE1F8F10F8D9}.Release|Any CPU.Build.0 = Release|Any CPU
		{EA837322-5653-43C7-86C3-EE1F8F10F8D9}.Release|x64.ActiveCfg = Release|Any CPU
		{EA837322-5653-43C7-86C3-EE1F8F10F8D9}.Release|x64.Build.0 = Release|Any CPU
		{EA837322-5653-43C7-86C3-EE1F8F10F8D9}.Release|x86.ActiveCfg = Release|Any CPU
		{EA837322-5653-43C7-86C3-EE1F8F10F8D9}.Release|x86.Build.0 = Release|Any CPU
		{BDE111A3-AB93-4199-88B7-98C2282F9C75}.Debug|Any CPU.ActiveCfg = Debug|Any CPU
		{BDE111A3-AB93-4199-88B7-98C2282F9C75}.Debug|Any CPU.Build.0 = Debug|Any CPU
		{BDE111A3-AB93-4199-88B7-98C2282F9C75}.Debug|x64.ActiveCfg = Debug|Any CPU
		{BDE111A3-AB93-4199-88B7-98C2282F9C75}.Debug|x64.Build.0 = Debug|Any CPU
		{BDE111A3-AB93-4199-88B7-98C2282F9C75}.Debug|x86.ActiveCfg = Debug|Any CPU
		{BDE111A3-AB93-4199-88B7-98C2282F9C75}.Debug|x86.Build.0 = Debug|Any CPU
		{BDE111A3-AB93-4199-88B7-98C2282F9C75}.Release|Any CPU.ActiveCfg = Release|Any CPU
		{BDE111A3-AB93-4199-88B7-98C2282F9C75}.Release|Any CPU.Build.0 = Release|Any CPU
		{BDE111A3-AB93-4199-88B7-98C2282F9C75}.Release|x64.ActiveCfg = Release|Any CPU
		{BDE111A3-AB93-4199-88B7-98C2282F9C75}.Release|x64.Build.0 = Release|Any CPU
		{BDE111A3-AB93-4199-88B7-98C2282F9C75}.Release|x86.ActiveCfg = Release|Any CPU
		{BDE111A3-AB93-4199-88B7-98C2282F9C75}.Release|x86.Build.0 = Release|Any CPU
		{6FE588C3-80B3-4DDF-92F7-EF4784E4301E}.Debug|Any CPU.ActiveCfg = Debug|Any CPU
		{6FE588C3-80B3-4DDF-92F7-EF4784E4301E}.Debug|Any CPU.Build.0 = Debug|Any CPU
		{6FE588C3-80B3-4DDF-92F7-EF4784E4301E}.Debug|x64.ActiveCfg = Debug|Any CPU
		{6FE588C3-80B3-4DDF-92F7-EF4784E4301E}.Debug|x64.Build.0 = Debug|Any CPU
		{6FE588C3-80B3-4DDF-92F7-EF4784E4301E}.Debug|x86.ActiveCfg = Debug|Any CPU
		{6FE588C3-80B3-4DDF-92F7-EF4784E4301E}.Debug|x86.Build.0 = Debug|Any CPU
		{6FE588C3-80B3-4DDF-92F7-EF4784E4301E}.Release|Any CPU.ActiveCfg = Release|Any CPU
		{6FE588C3-80B3-4DDF-92F7-EF4784E4301E}.Release|Any CPU.Build.0 = Release|Any CPU
		{6FE588C3-80B3-4DDF-92F7-EF4784E4301E}.Release|x64.ActiveCfg = Release|Any CPU
		{6FE588C3-80B3-4DDF-92F7-EF4784E4301E}.Release|x64.Build.0 = Release|Any CPU
		{6FE588C3-80B3-4DDF-92F7-EF4784E4301E}.Release|x86.ActiveCfg = Release|Any CPU
		{6FE588C3-80B3-4DDF-92F7-EF4784E4301E}.Release|x86.Build.0 = Release|Any CPU
		{82D7B0C9-F7F9-441C-9545-9816FE7D1EE0}.Debug|Any CPU.ActiveCfg = Debug|Any CPU
		{82D7B0C9-F7F9-441C-9545-9816FE7D1EE0}.Debug|Any CPU.Build.0 = Debug|Any CPU
		{82D7B0C9-F7F9-441C-9545-9816FE7D1EE0}.Debug|x64.ActiveCfg = Debug|Any CPU
		{82D7B0C9-F7F9-441C-9545-9816FE7D1EE0}.Debug|x64.Build.0 = Debug|Any CPU
		{82D7B0C9-F7F9-441C-9545-9816FE7D1EE0}.Debug|x86.ActiveCfg = Debug|Any CPU
		{82D7B0C9-F7F9-441C-9545-9816FE7D1EE0}.Debug|x86.Build.0 = Debug|Any CPU
		{82D7B0C9-F7F9-441C-9545-9816FE7D1EE0}.Release|Any CPU.ActiveCfg = Release|Any CPU
		{82D7B0C9-F7F9-441C-9545-9816FE7D1EE0}.Release|Any CPU.Build.0 = Release|Any CPU
		{82D7B0C9-F7F9-441C-9545-9816FE7D1EE0}.Release|x64.ActiveCfg = Release|Any CPU
		{82D7B0C9-F7F9-441C-9545-9816FE7D1EE0}.Release|x64.Build.0 = Release|Any CPU
		{82D7B0C9-F7F9-441C-9545-9816FE7D1EE0}.Release|x86.ActiveCfg = Release|Any CPU
		{82D7B0C9-F7F9-441C-9545-9816FE7D1EE0}.Release|x86.Build.0 = Release|Any CPU
	EndGlobalSection
	GlobalSection(SolutionProperties) = preSolution
		HideSolutionNode = FALSE
	EndGlobalSection
EndGlobal
